
Microsoft Visual Studio Solution File, Format Version 12.00
# Visual Studio 2013
VisualStudioVersion = 12.0.40629.0
MinimumVisualStudioVersion = 10.0.40219.1
Project("{FAE04EC0-301F-11D3-BF4B-00C04F79EFBC}") = "MSNet.Tests", "MSNet.Tests\MSNet.Tests.csproj", "{96FC1A08-89BF-4A05-8958-5AC8C392D102}"
EndProject
Project("{FAE04EC0-301F-11D3-BF4B-00C04F79EFBC}") = "MSNet.Common", "MSNet.Common\MSNet.Common.csproj", "{2BD2DE63-AFBC-4B8D-B469-B9337BD4B3EE}"
EndProject
Project("{FAE04EC0-301F-11D3-BF4B-00C04F79EFBC}") = "MSNet.Common.DataRepositories", "MSNet.Common.DataRepositories\MSNet.Common.DataRepositories.csproj", "{ED77BC60-25DB-4AA6-943F-0EA1B5D1EECE}"
EndProject
Project("{FAE04EC0-301F-11D3-BF4B-00C04F79EFBC}") = "MSNet.WebAdmin", "MSNet.WebAdmin\MSNet.WebAdmin.csproj", "{7E154AB4-8622-4997-9B6E-C750B8EBD44E}"
EndProject
Project("{FAE04EC0-301F-11D3-BF4B-00C04F79EFBC}") = "MSNet.Repair.DataRepositories", "MSNet.Repair.DataRepositories\MSNet.Repair.DataRepositories.csproj", "{C19898E0-0084-4D47-8E3A-CC28CEE5AFD3}"
EndProject
Project("{FAE04EC0-301F-11D3-BF4B-00C04F79EFBC}") = "MSNet.Repair", "MSNet.Repair\MSNet.Repair.csproj", "{BB5105B3-F4AB-4676-B1C3-8A66D3496739}"
EndProject
Project("{FAE04EC0-301F-11D3-BF4B-00C04F79EFBC}") = "MSNet.Joined", "MSNet.Joined\MSNet.Joined.csproj", "{93B74EC8-53F1-4EAE-987B-9DE6E6311203}"
EndProject
Project("{FAE04EC0-301F-11D3-BF4B-00C04F79EFBC}") = "MSNet.Joined.DataRepositories", "MSNet.Joined.DataRepositories\MSNet.Joined.DataRepositories.csproj", "{4F414EB3-FAA6-48FA-8745-2BC1C4D4A163}"
EndProject
Global
	GlobalSection(SolutionConfigurationPlatforms) = preSolution
		Debug|Any CPU = Debug|Any CPU
		Release|Any CPU = Release|Any CPU
	EndGlobalSection
	GlobalSection(ProjectConfigurationPlatforms) = postSolution
		{96FC1A08-89BF-4A05-8958-5AC8C392D102}.Debug|Any CPU.ActiveCfg = Debug|Any CPU
		{96FC1A08-89BF-4A05-8958-5AC8C392D102}.Debug|Any CPU.Build.0 = Debug|Any CPU
		{96FC1A08-89BF-4A05-8958-5AC8C392D102}.Release|Any CPU.ActiveCfg = Release|Any CPU
		{96FC1A08-89BF-4A05-8958-5AC8C392D102}.Release|Any CPU.Build.0 = Release|Any CPU
		{2BD2DE63-AFBC-4B8D-B469-B9337BD4B3EE}.Debug|Any CPU.ActiveCfg = Debug|Any CPU
		{2BD2DE63-AFBC-4B8D-B469-B9337BD4B3EE}.Debug|Any CPU.Build.0 = Debug|Any CPU
		{2BD2DE63-AFBC-4B8D-B469-B9337BD4B3EE}.Release|Any CPU.ActiveCfg = Release|Any CPU
		{2BD2DE63-AFBC-4B8D-B469-B9337BD4B3EE}.Release|Any CPU.Build.0 = Release|Any CPU
		{ED77BC60-25DB-4AA6-943F-0EA1B5D1EECE}.Debug|Any CPU.ActiveCfg = Debug|Any CPU
		{ED77BC60-25DB-4AA6-943F-0EA1B5D1EECE}.Debug|Any CPU.Build.0 = Debug|Any CPU
		{ED77BC60-25DB-4AA6-943F-0EA1B5D1EECE}.Release|Any CPU.ActiveCfg = Release|Any CPU
		{ED77BC60-25DB-4AA6-943F-0EA1B5D1EECE}.Release|Any CPU.Build.0 = Release|Any CPU
		{7E154AB4-8622-4997-9B6E-C750B8EBD44E}.Debug|Any CPU.ActiveCfg = Debug|Any CPU
		{7E154AB4-8622-4997-9B6E-C750B8EBD44E}.Debug|Any CPU.Build.0 = Debug|Any CPU
		{7E154AB4-8622-4997-9B6E-C750B8EBD44E}.Release|Any CPU.ActiveCfg = Release|Any CPU
		{7E154AB4-8622-4997-9B6E-C750B8EBD44E}.Release|Any CPU.Build.0 = Release|Any CPU
		{C19898E0-0084-4D47-8E3A-CC28CEE5AFD3}.Debug|Any CPU.ActiveCfg = Debug|Any CPU
		{C19898E0-0084-4D47-8E3A-CC28CEE5AFD3}.Debug|Any CPU.Build.0 = Debug|Any CPU
		{C19898E0-0084-4D47-8E3A-CC28CEE5AFD3}.Release|Any CPU.ActiveCfg = Release|Any CPU
		{C19898E0-0084-4D47-8E3A-CC28CEE5AFD3}.Release|Any CPU.Build.0 = Release|Any CPU
		{BB5105B3-F4AB-4676-B1C3-8A66D3496739}.Debug|Any CPU.ActiveCfg = Debug|Any CPU
		{BB5105B3-F4AB-4676-B1C3-8A66D3496739}.Debug|Any CPU.Build.0 = Debug|Any CPU
		{BB5105B3-F4AB-4676-B1C3-8A66D3496739}.Release|Any CPU.ActiveCfg = Release|Any CPU
		{BB5105B3-F4AB-4676-B1C3-8A66D3496739}.Release|Any CPU.Build.0 = Release|Any CPU
		{93B74EC8-53F1-4EAE-987B-9DE6E6311203}.Debug|Any CPU.ActiveCfg = Debug|Any CPU
		{93B74EC8-53F1-4EAE-987B-9DE6E6311203}.Debug|Any CPU.Build.0 = Debug|Any CPU
		{93B74EC8-53F1-4EAE-987B-9DE6E6311203}.Release|Any CPU.ActiveCfg = Release|Any CPU
		{93B74EC8-53F1-4EAE-987B-9DE6E6311203}.Release|Any CPU.Build.0 = Release|Any CPU
		{4F414EB3-FAA6-48FA-8745-2BC1C4D4A163}.Debug|Any CPU.ActiveCfg = Debug|Any CPU
		{4F414EB3-FAA6-48FA-8745-2BC1C4D4A163}.Debug|Any CPU.Build.0 = Debug|Any CPU
		{4F414EB3-FAA6-48FA-8745-2BC1C4D4A163}.Release|Any CPU.ActiveCfg = Release|Any CPU
		{4F414EB3-FAA6-48FA-8745-2BC1C4D4A163}.Release|Any CPU.Build.0 = Release|Any CPU
	EndGlobalSection
	GlobalSection(SolutionProperties) = preSolution
		HideSolutionNode = FALSE
	EndGlobalSection
EndGlobal
